
Microsoft Visual Studio Solution File, Format Version 12.00
# Visual Studio Version 17
VisualStudioVersion = 17.9.34728.123
MinimumVisualStudioVersion = 10.0.40219.1
Project("{FAE04EC0-301F-11D3-BF4B-00C04F79EFBC}") = "Soccer_Tournament", "Soccer_Tournament\Soccer_Tournament.csproj", "{9A1A8D75-4530-4507-900A-20DACB73CC62}"
EndProject
Global
	GlobalSection(SolutionConfigurationPlatforms) = preSolution
		Debug|Any CPU = Debug|Any CPU
		Release|Any CPU = Release|Any CPU
	EndGlobalSection
	GlobalSection(ProjectConfigurationPlatforms) = postSolution
		{9A1A8D75-4530-4507-900A-20DACB73CC62}.Debug|Any CPU.ActiveCfg = Debug|Any CPU
		{9A1A8D75-4530-4507-900A-20DACB73CC62}.Debug|Any CPU.Build.0 = Debug|Any CPU
		{9A1A8D75-4530-4507-900A-20DACB73CC62}.Release|Any CPU.ActiveCfg = Release|Any CPU
		{9A1A8D75-4530-4507-900A-20DACB73CC62}.Release|Any CPU.Build.0 = Release|Any CPU
	EndGlobalSection
	GlobalSection(SolutionProperties) = preSolution
		HideSolutionNode = FALSE
	EndGlobalSection
	GlobalSection(ExtensibilityGlobals) = postSolution
		SolutionGuid = {68F91831-974B-4F44-93A8-5DCF3E64324D}
	EndGlobalSection
EndGlobal
